
Microsoft Visual Studio Solution File, Format Version 12.00
# Visual Studio 15
VisualStudioVersion = 15.0.28010.2050
MinimumVisualStudioVersion = 10.0.40219.1
Project("{6EC3EE1D-3C4E-46DD-8F32-0CC8E7565705}") = "NATS.Client.FSharp", "src\NATS.Client.FSharp\NATS.Client.FSharp.fsproj", "{DE5D92B7-4FBC-4A89-943E-29F387D21CBB}"
EndProject
Project("{6EC3EE1D-3C4E-46DD-8F32-0CC8E7565705}") = "STAN.Client.FSharp", "src\STAN.Client.FSharp\STAN.Client.FSharp.fsproj", "{63E9610B-039A-4A7B-A7E9-DCFF45AE2C5B}"
EndProject
Project("{2150E333-8FDC-42A3-9474-1A3956D46DE8}") = "src", "src", "{F6F6BEE4-EFAF-4AD8-9AD6-9BC075B94783}"
EndProject
Project("{2150E333-8FDC-42A3-9474-1A3956D46DE8}") = "test", "test", "{98879C62-435B-4134-938B-7C64863B2332}"
EndProject
Global
	GlobalSection(SolutionConfigurationPlatforms) = preSolution
		Debug|Any CPU = Debug|Any CPU
		Release|Any CPU = Release|Any CPU
	EndGlobalSection
	GlobalSection(ProjectConfigurationPlatforms) = postSolution
		{DE5D92B7-4FBC-4A89-943E-29F387D21CBB}.Debug|Any CPU.ActiveCfg = Debug|Any CPU
		{DE5D92B7-4FBC-4A89-943E-29F387D21CBB}.Debug|Any CPU.Build.0 = Debug|Any CPU
		{DE5D92B7-4FBC-4A89-943E-29F387D21CBB}.Release|Any CPU.ActiveCfg = Release|Any CPU
		{DE5D92B7-4FBC-4A89-943E-29F387D21CBB}.Release|Any CPU.Build.0 = Release|Any CPU
		{63E9610B-039A-4A7B-A7E9-DCFF45AE2C5B}.Debug|Any CPU.ActiveCfg = Debug|Any CPU
		{63E9610B-039A-4A7B-A7E9-DCFF45AE2C5B}.Debug|Any CPU.Build.0 = Debug|Any CPU
		{63E9610B-039A-4A7B-A7E9-DCFF45AE2C5B}.Release|Any CPU.ActiveCfg = Release|Any CPU
		{63E9610B-039A-4A7B-A7E9-DCFF45AE2C5B}.Release|Any CPU.Build.0 = Release|Any CPU
	EndGlobalSection
	GlobalSection(SolutionProperties) = preSolution
		HideSolutionNode = FALSE
	EndGlobalSection
	GlobalSection(NestedProjects) = preSolution
		{DE5D92B7-4FBC-4A89-943E-29F387D21CBB} = {F6F6BEE4-EFAF-4AD8-9AD6-9BC075B94783}
		{63E9610B-039A-4A7B-A7E9-DCFF45AE2C5B} = {F6F6BEE4-EFAF-4AD8-9AD6-9BC075B94783}
	EndGlobalSection
	GlobalSection(ExtensibilityGlobals) = postSolution
		SolutionGuid = {67921029-F631-4EEB-943F-C08E9E6D22A3}
	EndGlobalSection
EndGlobal
