
Microsoft Visual Studio Solution File, Format Version 12.00
# Visual Studio 15
VisualStudioVersion = 15.0.28010.2050
MinimumVisualStudioVersion = 10.0.40219.1
Project("{F2A71F9B-5D33-465A-A702-920D77279786}") = "ConsoleApp1", "ConsoleApp1\ConsoleApp1.fsproj", "{42092555-9595-4D8D-BE33-4CBB8FF5B441}"
EndProject
Global
	GlobalSection(SolutionConfigurationPlatforms) = preSolution
		Debug|Any CPU = Debug|Any CPU
		Release|Any CPU = Release|Any CPU
	EndGlobalSection
	GlobalSection(ProjectConfigurationPlatforms) = postSolution
		{42092555-9595-4D8D-BE33-4CBB8FF5B441}.Debug|Any CPU.ActiveCfg = Debug|Any CPU
		{42092555-9595-4D8D-BE33-4CBB8FF5B441}.Debug|Any CPU.Build.0 = Debug|Any CPU
		{42092555-9595-4D8D-BE33-4CBB8FF5B441}.Release|Any CPU.ActiveCfg = Release|Any CPU
		{42092555-9595-4D8D-BE33-4CBB8FF5B441}.Release|Any CPU.Build.0 = Release|Any CPU
	EndGlobalSection
	GlobalSection(SolutionProperties) = preSolution
		HideSolutionNode = FALSE
	EndGlobalSection
	GlobalSection(ExtensibilityGlobals) = postSolution
		SolutionGuid = {67921029-F631-4EEB-943F-C08E9E6D22A3}
	EndGlobalSection
EndGlobal
